
Microsoft Visual Studio Solution File, Format Version 12.00
# Visual Studio 15
VisualStudioVersion = 15.0.27130.2003
MinimumVisualStudioVersion = 10.0.40219.1
Project("{FAE04EC0-301F-11D3-BF4B-00C04F79EFBC}") = "GameAiLib", "GameAiLib.csproj", "{825630B7-2158-450A-B191-81C7EF554126}"
EndProject
Global
	GlobalSection(SolutionConfigurationPlatforms) = preSolution
		Debug|Any CPU = Debug|Any CPU
		Debug|x86 = Debug|x86
		Release|Any CPU = Release|Any CPU
		Release|x86 = Release|x86
	EndGlobalSection
	GlobalSection(ProjectConfigurationPlatforms) = postSolution
		{825630B7-2158-450A-B191-81C7EF554126}.Debug|Any CPU.ActiveCfg = Debug|Any CPU
		{825630B7-2158-450A-B191-81C7EF554126}.Debug|Any CPU.Build.0 = Debug|Any CPU
		{825630B7-2158-450A-B191-81C7EF554126}.Debug|x86.ActiveCfg = Debug|x86
		{825630B7-2158-450A-B191-81C7EF554126}.Debug|x86.Build.0 = Debug|x86
		{825630B7-2158-450A-B191-81C7EF554126}.Release|Any CPU.ActiveCfg = Release|Any CPU
		{825630B7-2158-450A-B191-81C7EF554126}.Release|Any CPU.Build.0 = Release|Any CPU
		{825630B7-2158-450A-B191-81C7EF554126}.Release|x86.ActiveCfg = Release|x86
		{825630B7-2158-450A-B191-81C7EF554126}.Release|x86.Build.0 = Release|x86
	EndGlobalSection
	GlobalSection(SolutionProperties) = preSolution
		HideSolutionNode = FALSE
	EndGlobalSection
	GlobalSection(ExtensibilityGlobals) = postSolution
		SolutionGuid = {EF4E388B-6014-46E6-8A4C-6F88C947EC96}
	EndGlobalSection
EndGlobal
